
Microsoft Visual Studio Solution File, Format Version 12.00
# Visual Studio Version 16
VisualStudioVersion = 16.0.30309.148
MinimumVisualStudioVersion = 10.0.40219.1
Project("{9A19103F-16F7-4668-BE54-9A1E7A4F7556}") = "Chronology.Specs.Integration", "Chronology.Specs.Integration\Chronology.Specs.Integration.csproj", "{402E67D2-5BCE-4587-92E2-A0FD05C0935C}"
EndProject
Project("{9A19103F-16F7-4668-BE54-9A1E7A4F7556}") = "Locality.Specs.Integration", "Locality.Specs.Integration\Locality.Specs.Integration.csproj", "{E2B25C05-2A9C-4091-9A9F-4DE6D022C24C}"
EndProject
Project("{9A19103F-16F7-4668-BE54-9A1E7A4F7556}") = "Subjects.Specs.Integration", "Subjects.Specs.Integration\Subjects.Specs.Integration.csproj", "{93B77BD5-1ACB-477F-B859-5376DF1D6F6E}"
EndProject
Project("{9A19103F-16F7-4668-BE54-9A1E7A4F7556}") = "Occurrences.Specs.Integration", "Occurrences.Specs.Integration\Occurrences.Specs.Integration.csproj", "{96490FCE-3092-4345-B6F1-023F46F3D09D}"
EndProject
Project("{FAE04EC0-301F-11D3-BF4B-00C04F79EFBC}") = "Shared.Specs.Integration", "Shared.Specs.Integration\Shared.Specs.Integration.csproj", "{EC71E97C-B293-48C3-A506-F093C2D896EC}"
EndProject
Global
	GlobalSection(SolutionConfigurationPlatforms) = preSolution
		Debug|Any CPU = Debug|Any CPU
		Release|Any CPU = Release|Any CPU
	EndGlobalSection
	GlobalSection(ProjectConfigurationPlatforms) = postSolution
		{402E67D2-5BCE-4587-92E2-A0FD05C0935C}.Debug|Any CPU.ActiveCfg = Debug|Any CPU
		{402E67D2-5BCE-4587-92E2-A0FD05C0935C}.Debug|Any CPU.Build.0 = Debug|Any CPU
		{402E67D2-5BCE-4587-92E2-A0FD05C0935C}.Release|Any CPU.ActiveCfg = Release|Any CPU
		{402E67D2-5BCE-4587-92E2-A0FD05C0935C}.Release|Any CPU.Build.0 = Release|Any CPU
		{E2B25C05-2A9C-4091-9A9F-4DE6D022C24C}.Debug|Any CPU.ActiveCfg = Debug|Any CPU
		{E2B25C05-2A9C-4091-9A9F-4DE6D022C24C}.Debug|Any CPU.Build.0 = Debug|Any CPU
		{E2B25C05-2A9C-4091-9A9F-4DE6D022C24C}.Release|Any CPU.ActiveCfg = Release|Any CPU
		{E2B25C05-2A9C-4091-9A9F-4DE6D022C24C}.Release|Any CPU.Build.0 = Release|Any CPU
		{93B77BD5-1ACB-477F-B859-5376DF1D6F6E}.Debug|Any CPU.ActiveCfg = Debug|Any CPU
		{93B77BD5-1ACB-477F-B859-5376DF1D6F6E}.Debug|Any CPU.Build.0 = Debug|Any CPU
		{93B77BD5-1ACB-477F-B859-5376DF1D6F6E}.Release|Any CPU.ActiveCfg = Release|Any CPU
		{93B77BD5-1ACB-477F-B859-5376DF1D6F6E}.Release|Any CPU.Build.0 = Release|Any CPU
		{96490FCE-3092-4345-B6F1-023F46F3D09D}.Debug|Any CPU.ActiveCfg = Debug|Any CPU
		{96490FCE-3092-4345-B6F1-023F46F3D09D}.Debug|Any CPU.Build.0 = Debug|Any CPU
		{96490FCE-3092-4345-B6F1-023F46F3D09D}.Release|Any CPU.ActiveCfg = Release|Any CPU
		{96490FCE-3092-4345-B6F1-023F46F3D09D}.Release|Any CPU.Build.0 = Release|Any CPU
		{EC71E97C-B293-48C3-A506-F093C2D896EC}.Debug|Any CPU.ActiveCfg = Debug|Any CPU
		{EC71E97C-B293-48C3-A506-F093C2D896EC}.Debug|Any CPU.Build.0 = Debug|Any CPU
		{EC71E97C-B293-48C3-A506-F093C2D896EC}.Release|Any CPU.ActiveCfg = Release|Any CPU
		{EC71E97C-B293-48C3-A506-F093C2D896EC}.Release|Any CPU.Build.0 = Release|Any CPU
	EndGlobalSection
	GlobalSection(SolutionProperties) = preSolution
		HideSolutionNode = FALSE
	EndGlobalSection
	GlobalSection(ExtensibilityGlobals) = postSolution
		SolutionGuid = {C94628F8-11BB-4DDD-A1D9-C28D32F34699}
	EndGlobalSection
EndGlobal
