
Microsoft Visual Studio Solution File, Format Version 12.00
# Visual Studio Version 16
VisualStudioVersion = 16.0.30309.148
MinimumVisualStudioVersion = 10.0.40219.1
Project("{9A19103F-16F7-4668-BE54-9A1E7A4F7556}") = "Chronology.Infrastructure.Persistence.Migrations", "Chronology.Infrastructure.Persistence.Migrations\Chronology.Infrastructure.Persistence.Migrations.csproj", "{853FCA32-595C-4C0E-A0E2-137E5577B88A}"
EndProject
Project("{9A19103F-16F7-4668-BE54-9A1E7A4F7556}") = "Locality.Infrastructure.Persistence.Migrations", "Locality.Infrastructure.Persistence.Migrations\Locality.Infrastructure.Persistence.Migrations.csproj", "{0657354B-E1A8-4548-91D9-CEBF85123912}"
EndProject
Project("{9A19103F-16F7-4668-BE54-9A1E7A4F7556}") = "Occurrences.Infrastructure.Persistence.Migrations", "Occurrences.Infrastructure.Persistence.Migrations\Occurrences.Infrastructure.Persistence.Migrations.csproj", "{5AE8CCE4-B302-4F90-8740-371F39FC2323}"
EndProject
Project("{9A19103F-16F7-4668-BE54-9A1E7A4F7556}") = "Subjects.Infrastructure.Persistence.Migrations", "Subjects.Infrastructure.Persistence.Migrations\Subjects.Infrastructure.Persistence.Migrations.csproj", "{A430EAEB-B28F-4333-95C2-B127FAC9387F}"
EndProject
Project("{9A19103F-16F7-4668-BE54-9A1E7A4F7556}") = "Chronology.Infrastructure.Persistence", "..\src\Chronology.Infrastructure.Persistence\Chronology.Infrastructure.Persistence.csproj", "{79C0B98D-6165-426A-B6B9-ED8F5B0A0757}"
EndProject
Project("{9A19103F-16F7-4668-BE54-9A1E7A4F7556}") = "Locality.Infrastructure.Persistence", "..\src\Locality.Infrastructure.Persistence\Locality.Infrastructure.Persistence.csproj", "{E7CC0B32-D339-4B76-A0D0-F56A23F37683}"
EndProject
Project("{9A19103F-16F7-4668-BE54-9A1E7A4F7556}") = "Occurrences.Infrastructure.Persistence", "..\src\Occurrences.Infrastructure.Persistence\Occurrences.Infrastructure.Persistence.csproj", "{4C384788-5959-4099-BF7B-21B9DBD6958A}"
EndProject
Project("{9A19103F-16F7-4668-BE54-9A1E7A4F7556}") = "Subjects.Infrastructure.Persistence", "..\src\Subjects.Infrastructure.Persistence\Subjects.Infrastructure.Persistence.csproj", "{E10D5DF8-28F6-4465-921A-80FCC38E63A4}"
EndProject
Project("{9A19103F-16F7-4668-BE54-9A1E7A4F7556}") = "Shared.Extensions", "..\src\Shared.Extensions\Shared.Extensions.csproj", "{BE7DACE3-4253-454D-917E-5C93E961E430}"
EndProject
Project("{9A19103F-16F7-4668-BE54-9A1E7A4F7556}") = "Shared.Abstractions", "..\src\Shared.Abstractions\Shared.Abstractions.csproj", "{94F56B89-5F13-4BBF-BB16-1A75A7953F75}"
EndProject
Project("{9A19103F-16F7-4668-BE54-9A1E7A4F7556}") = "Chronology.Domain.Models", "..\src\Chronology.Domain.Models\Chronology.Domain.Models.csproj", "{5427B809-6C29-4FDF-9444-A2D81311B7A9}"
EndProject
Project("{9A19103F-16F7-4668-BE54-9A1E7A4F7556}") = "Locality.Domain.Models", "..\src\Locality.Domain.Models\Locality.Domain.Models.csproj", "{0F62CFE5-2F57-4534-A324-B2FA962BD70B}"
EndProject
Project("{9A19103F-16F7-4668-BE54-9A1E7A4F7556}") = "Occurrences.Domain.Models", "..\src\Occurrences.Domain.Models\Occurrences.Domain.Models.csproj", "{6A9AFCCF-3A4E-4C05-BFB0-3E4E6F9D268F}"
EndProject
Project("{9A19103F-16F7-4668-BE54-9A1E7A4F7556}") = "Subjects.Domain.Models", "..\src\Subjects.Domain.Models\Subjects.Domain.Models.csproj", "{6FD421C0-07D0-49BC-9784-8657B208D0D1}"
EndProject
Project("{2150E333-8FDC-42A3-9474-1A3956D46DE8}") = "src", "src", "{F7AEE9B6-DEB0-45D4-9793-03C2927F12D5}"
EndProject
Project("{9A19103F-16F7-4668-BE54-9A1E7A4F7556}") = "Shared.Deploy", "Shared.Deploy\Shared.Deploy.csproj", "{FE7B9F0D-530A-431A-9EB1-E2A4B7B12217}"
EndProject
Project("{151D2E53-A2C4-4D7D-83FE-D05416EBD58E}") = "Shared.Infrastructure.Resources.SqlServer", "Shared.Infrastructure.Resources.SqlServer\Shared.Infrastructure.Resources.SqlServer.deployproj", "{ED2D9B65-3156-411A-BD07-41948B27F25C}"
EndProject
Project("{151D2E53-A2C4-4D7D-83FE-D05416EBD58E}") = "Shared.Infrastructure.Resources.CosmosDb", "Shared.Infrastructure.Resources.CosmosDb\Shared.Infrastructure.Resources.CosmosDb.deployproj", "{22859962-2E6A-4A19-96C6-C72962A025B7}"
EndProject
Project("{151D2E53-A2C4-4D7D-83FE-D05416EBD58E}") = "Shared.Infrastructure.Resources.Storage", "Shared.Infrastructure.Resources.Storage\Shared.Infrastructure.Resources.Storage.deployproj", "{A8DE7718-D339-4873-97EB-79C5470E57DE}"
EndProject
Global
	GlobalSection(SolutionConfigurationPlatforms) = preSolution
		Debug|Any CPU = Debug|Any CPU
		Release|Any CPU = Release|Any CPU
	EndGlobalSection
	GlobalSection(ProjectConfigurationPlatforms) = postSolution
		{853FCA32-595C-4C0E-A0E2-137E5577B88A}.Debug|Any CPU.ActiveCfg = Debug|Any CPU
		{853FCA32-595C-4C0E-A0E2-137E5577B88A}.Debug|Any CPU.Build.0 = Debug|Any CPU
		{853FCA32-595C-4C0E-A0E2-137E5577B88A}.Release|Any CPU.ActiveCfg = Release|Any CPU
		{853FCA32-595C-4C0E-A0E2-137E5577B88A}.Release|Any CPU.Build.0 = Release|Any CPU
		{0657354B-E1A8-4548-91D9-CEBF85123912}.Debug|Any CPU.ActiveCfg = Debug|Any CPU
		{0657354B-E1A8-4548-91D9-CEBF85123912}.Debug|Any CPU.Build.0 = Debug|Any CPU
		{0657354B-E1A8-4548-91D9-CEBF85123912}.Release|Any CPU.ActiveCfg = Release|Any CPU
		{0657354B-E1A8-4548-91D9-CEBF85123912}.Release|Any CPU.Build.0 = Release|Any CPU
		{5AE8CCE4-B302-4F90-8740-371F39FC2323}.Debug|Any CPU.ActiveCfg = Debug|Any CPU
		{5AE8CCE4-B302-4F90-8740-371F39FC2323}.Debug|Any CPU.Build.0 = Debug|Any CPU
		{5AE8CCE4-B302-4F90-8740-371F39FC2323}.Release|Any CPU.ActiveCfg = Release|Any CPU
		{5AE8CCE4-B302-4F90-8740-371F39FC2323}.Release|Any CPU.Build.0 = Release|Any CPU
		{A430EAEB-B28F-4333-95C2-B127FAC9387F}.Debug|Any CPU.ActiveCfg = Debug|Any CPU
		{A430EAEB-B28F-4333-95C2-B127FAC9387F}.Debug|Any CPU.Build.0 = Debug|Any CPU
		{A430EAEB-B28F-4333-95C2-B127FAC9387F}.Release|Any CPU.ActiveCfg = Release|Any CPU
		{A430EAEB-B28F-4333-95C2-B127FAC9387F}.Release|Any CPU.Build.0 = Release|Any CPU
		{79C0B98D-6165-426A-B6B9-ED8F5B0A0757}.Debug|Any CPU.ActiveCfg = Debug|Any CPU
		{79C0B98D-6165-426A-B6B9-ED8F5B0A0757}.Debug|Any CPU.Build.0 = Debug|Any CPU
		{79C0B98D-6165-426A-B6B9-ED8F5B0A0757}.Release|Any CPU.ActiveCfg = Release|Any CPU
		{79C0B98D-6165-426A-B6B9-ED8F5B0A0757}.Release|Any CPU.Build.0 = Release|Any CPU
		{E7CC0B32-D339-4B76-A0D0-F56A23F37683}.Debug|Any CPU.ActiveCfg = Debug|Any CPU
		{E7CC0B32-D339-4B76-A0D0-F56A23F37683}.Debug|Any CPU.Build.0 = Debug|Any CPU
		{E7CC0B32-D339-4B76-A0D0-F56A23F37683}.Release|Any CPU.ActiveCfg = Release|Any CPU
		{E7CC0B32-D339-4B76-A0D0-F56A23F37683}.Release|Any CPU.Build.0 = Release|Any CPU
		{4C384788-5959-4099-BF7B-21B9DBD6958A}.Debug|Any CPU.ActiveCfg = Debug|Any CPU
		{4C384788-5959-4099-BF7B-21B9DBD6958A}.Debug|Any CPU.Build.0 = Debug|Any CPU
		{4C384788-5959-4099-BF7B-21B9DBD6958A}.Release|Any CPU.ActiveCfg = Release|Any CPU
		{4C384788-5959-4099-BF7B-21B9DBD6958A}.Release|Any CPU.Build.0 = Release|Any CPU
		{E10D5DF8-28F6-4465-921A-80FCC38E63A4}.Debug|Any CPU.ActiveCfg = Debug|Any CPU
		{E10D5DF8-28F6-4465-921A-80FCC38E63A4}.Debug|Any CPU.Build.0 = Debug|Any CPU
		{E10D5DF8-28F6-4465-921A-80FCC38E63A4}.Release|Any CPU.ActiveCfg = Release|Any CPU
		{E10D5DF8-28F6-4465-921A-80FCC38E63A4}.Release|Any CPU.Build.0 = Release|Any CPU
		{BE7DACE3-4253-454D-917E-5C93E961E430}.Debug|Any CPU.ActiveCfg = Debug|Any CPU
		{BE7DACE3-4253-454D-917E-5C93E961E430}.Debug|Any CPU.Build.0 = Debug|Any CPU
		{BE7DACE3-4253-454D-917E-5C93E961E430}.Release|Any CPU.ActiveCfg = Release|Any CPU
		{BE7DACE3-4253-454D-917E-5C93E961E430}.Release|Any CPU.Build.0 = Release|Any CPU
		{94F56B89-5F13-4BBF-BB16-1A75A7953F75}.Debug|Any CPU.ActiveCfg = Debug|Any CPU
		{94F56B89-5F13-4BBF-BB16-1A75A7953F75}.Debug|Any CPU.Build.0 = Debug|Any CPU
		{94F56B89-5F13-4BBF-BB16-1A75A7953F75}.Release|Any CPU.ActiveCfg = Release|Any CPU
		{94F56B89-5F13-4BBF-BB16-1A75A7953F75}.Release|Any CPU.Build.0 = Release|Any CPU
		{5427B809-6C29-4FDF-9444-A2D81311B7A9}.Debug|Any CPU.ActiveCfg = Debug|Any CPU
		{5427B809-6C29-4FDF-9444-A2D81311B7A9}.Debug|Any CPU.Build.0 = Debug|Any CPU
		{5427B809-6C29-4FDF-9444-A2D81311B7A9}.Release|Any CPU.ActiveCfg = Release|Any CPU
		{5427B809-6C29-4FDF-9444-A2D81311B7A9}.Release|Any CPU.Build.0 = Release|Any CPU
		{0F62CFE5-2F57-4534-A324-B2FA962BD70B}.Debug|Any CPU.ActiveCfg = Debug|Any CPU
		{0F62CFE5-2F57-4534-A324-B2FA962BD70B}.Debug|Any CPU.Build.0 = Debug|Any CPU
		{0F62CFE5-2F57-4534-A324-B2FA962BD70B}.Release|Any CPU.ActiveCfg = Release|Any CPU
		{0F62CFE5-2F57-4534-A324-B2FA962BD70B}.Release|Any CPU.Build.0 = Release|Any CPU
		{6A9AFCCF-3A4E-4C05-BFB0-3E4E6F9D268F}.Debug|Any CPU.ActiveCfg = Debug|Any CPU
		{6A9AFCCF-3A4E-4C05-BFB0-3E4E6F9D268F}.Debug|Any CPU.Build.0 = Debug|Any CPU
		{6A9AFCCF-3A4E-4C05-BFB0-3E4E6F9D268F}.Release|Any CPU.ActiveCfg = Release|Any CPU
		{6A9AFCCF-3A4E-4C05-BFB0-3E4E6F9D268F}.Release|Any CPU.Build.0 = Release|Any CPU
		{6FD421C0-07D0-49BC-9784-8657B208D0D1}.Debug|Any CPU.ActiveCfg = Debug|Any CPU
		{6FD421C0-07D0-49BC-9784-8657B208D0D1}.Debug|Any CPU.Build.0 = Debug|Any CPU
		{6FD421C0-07D0-49BC-9784-8657B208D0D1}.Release|Any CPU.ActiveCfg = Release|Any CPU
		{6FD421C0-07D0-49BC-9784-8657B208D0D1}.Release|Any CPU.Build.0 = Release|Any CPU
		{FE7B9F0D-530A-431A-9EB1-E2A4B7B12217}.Debug|Any CPU.ActiveCfg = Debug|Any CPU
		{FE7B9F0D-530A-431A-9EB1-E2A4B7B12217}.Debug|Any CPU.Build.0 = Debug|Any CPU
		{FE7B9F0D-530A-431A-9EB1-E2A4B7B12217}.Release|Any CPU.ActiveCfg = Release|Any CPU
		{FE7B9F0D-530A-431A-9EB1-E2A4B7B12217}.Release|Any CPU.Build.0 = Release|Any CPU
		{ED2D9B65-3156-411A-BD07-41948B27F25C}.Debug|Any CPU.ActiveCfg = Debug|Any CPU
		{ED2D9B65-3156-411A-BD07-41948B27F25C}.Debug|Any CPU.Build.0 = Debug|Any CPU
		{ED2D9B65-3156-411A-BD07-41948B27F25C}.Release|Any CPU.ActiveCfg = Release|Any CPU
		{ED2D9B65-3156-411A-BD07-41948B27F25C}.Release|Any CPU.Build.0 = Release|Any CPU
		{22859962-2E6A-4A19-96C6-C72962A025B7}.Debug|Any CPU.ActiveCfg = Debug|Any CPU
		{22859962-2E6A-4A19-96C6-C72962A025B7}.Debug|Any CPU.Build.0 = Debug|Any CPU
		{22859962-2E6A-4A19-96C6-C72962A025B7}.Release|Any CPU.ActiveCfg = Release|Any CPU
		{22859962-2E6A-4A19-96C6-C72962A025B7}.Release|Any CPU.Build.0 = Release|Any CPU
		{A8DE7718-D339-4873-97EB-79C5470E57DE}.Debug|Any CPU.ActiveCfg = Debug|Any CPU
		{A8DE7718-D339-4873-97EB-79C5470E57DE}.Debug|Any CPU.Build.0 = Debug|Any CPU
		{A8DE7718-D339-4873-97EB-79C5470E57DE}.Release|Any CPU.ActiveCfg = Release|Any CPU
		{A8DE7718-D339-4873-97EB-79C5470E57DE}.Release|Any CPU.Build.0 = Release|Any CPU
	EndGlobalSection
	GlobalSection(SolutionProperties) = preSolution
		HideSolutionNode = FALSE
	EndGlobalSection
	GlobalSection(NestedProjects) = preSolution
		{79C0B98D-6165-426A-B6B9-ED8F5B0A0757} = {F7AEE9B6-DEB0-45D4-9793-03C2927F12D5}
		{E7CC0B32-D339-4B76-A0D0-F56A23F37683} = {F7AEE9B6-DEB0-45D4-9793-03C2927F12D5}
		{4C384788-5959-4099-BF7B-21B9DBD6958A} = {F7AEE9B6-DEB0-45D4-9793-03C2927F12D5}
		{E10D5DF8-28F6-4465-921A-80FCC38E63A4} = {F7AEE9B6-DEB0-45D4-9793-03C2927F12D5}
		{BE7DACE3-4253-454D-917E-5C93E961E430} = {F7AEE9B6-DEB0-45D4-9793-03C2927F12D5}
		{94F56B89-5F13-4BBF-BB16-1A75A7953F75} = {F7AEE9B6-DEB0-45D4-9793-03C2927F12D5}
		{5427B809-6C29-4FDF-9444-A2D81311B7A9} = {F7AEE9B6-DEB0-45D4-9793-03C2927F12D5}
		{0F62CFE5-2F57-4534-A324-B2FA962BD70B} = {F7AEE9B6-DEB0-45D4-9793-03C2927F12D5}
		{6A9AFCCF-3A4E-4C05-BFB0-3E4E6F9D268F} = {F7AEE9B6-DEB0-45D4-9793-03C2927F12D5}
		{6FD421C0-07D0-49BC-9784-8657B208D0D1} = {F7AEE9B6-DEB0-45D4-9793-03C2927F12D5}
	EndGlobalSection
	GlobalSection(ExtensibilityGlobals) = postSolution
		SolutionGuid = {C94628F8-11BB-4DDD-A1D9-C28D32F34699}
	EndGlobalSection
EndGlobal
