
Microsoft Visual Studio Solution File, Format Version 12.00
# Visual Studio Version 17
VisualStudioVersion = 17.5.33414.496
MinimumVisualStudioVersion = 10.0.40219.1
Project("{2150E333-8FDC-42A3-9474-1A3956D46DE8}") = "Common", "Common", "{5D8887CA-2929-4E91-9409-B3366F968527}"
EndProject
Project("{9A19103F-16F7-4668-BE54-9A1E7A4F7556}") = "Common.Application", "Common\Common.Application\Common.Application.csproj", "{D5BF79A6-68B3-41B0-AB63-28E30DD87018}"
EndProject
Project("{9A19103F-16F7-4668-BE54-9A1E7A4F7556}") = "Common.Domain", "Common\Common.Domain\Common.Domain.csproj", "{DCD762D0-8543-4436-969C-975A94833F20}"
EndProject
Project("{9A19103F-16F7-4668-BE54-9A1E7A4F7556}") = "Common.Infrastructure.ApiClient", "Common\Common.Infrastructure.ApiClient\Common.Infrastructure.ApiClient.csproj", "{38DDD951-3F89-41FE-A225-326DA46A39CF}"
EndProject
Project("{9A19103F-16F7-4668-BE54-9A1E7A4F7556}") = "Core.Application", "Core.Application\Core.Application.csproj", "{859E4300-2DB5-431A-9319-5AEA12552D85}"
EndProject
Project("{9A19103F-16F7-4668-BE54-9A1E7A4F7556}") = "Core.Domain", "Core.Domain\Core.Domain.csproj", "{45163683-2F3E-400C-A4C3-8730ED889371}"
EndProject
Project("{9A19103F-16F7-4668-BE54-9A1E7A4F7556}") = "Infrastructure.Persistence", "Infrastructure.Persistence\Infrastructure.Persistence.csproj", "{6A5A99A9-AE09-4310-A332-FCE1D7E3BED8}"
EndProject
Project("{9A19103F-16F7-4668-BE54-9A1E7A4F7556}") = "Presentation.Api.WebApi", "Presentation.Api.WebApi\Presentation.Api.WebApi.csproj", "{F77242BC-0FEB-4921-8AA1-4C21ADFD61CC}"
EndProject
Project("{9A19103F-16F7-4668-BE54-9A1E7A4F7556}") = "Presentation.Web.BlazorServer", "Presentation.Web.BlazorServer\Presentation.Web.BlazorServer.csproj", "{34AE3733-6973-4679-AE56-272A6C0FA17E}"
EndProject
Project("{9A19103F-16F7-4668-BE54-9A1E7A4F7556}") = "Presentation.Web.BlazorStatic", "Presentation.Web.BlazorStatic\Presentation.Web.BlazorStatic.csproj", "{3BCED1B9-9EFA-4835-9D41-28BBD8297075}"
EndProject
Project("{9A19103F-16F7-4668-BE54-9A1E7A4F7556}") = "Specs.Integration", "Specs.Integration\Specs.Integration.csproj", "{38803827-63A1-4466-94D4-D52E9EA1DA4A}"
EndProject
Project("{9A19103F-16F7-4668-BE54-9A1E7A4F7556}") = "Specs.Unit", "Specs.Unit\Specs.Unit.csproj", "{B1912655-E309-4886-A882-1C384ACFB165}"
EndProject
Global
	GlobalSection(SolutionConfigurationPlatforms) = preSolution
		Debug|Any CPU = Debug|Any CPU
		Release|Any CPU = Release|Any CPU
	EndGlobalSection
	GlobalSection(ProjectConfigurationPlatforms) = postSolution
		{D5BF79A6-68B3-41B0-AB63-28E30DD87018}.Debug|Any CPU.ActiveCfg = Debug|Any CPU
		{D5BF79A6-68B3-41B0-AB63-28E30DD87018}.Debug|Any CPU.Build.0 = Debug|Any CPU
		{D5BF79A6-68B3-41B0-AB63-28E30DD87018}.Release|Any CPU.ActiveCfg = Release|Any CPU
		{D5BF79A6-68B3-41B0-AB63-28E30DD87018}.Release|Any CPU.Build.0 = Release|Any CPU
		{DCD762D0-8543-4436-969C-975A94833F20}.Debug|Any CPU.ActiveCfg = Debug|Any CPU
		{DCD762D0-8543-4436-969C-975A94833F20}.Debug|Any CPU.Build.0 = Debug|Any CPU
		{DCD762D0-8543-4436-969C-975A94833F20}.Release|Any CPU.ActiveCfg = Release|Any CPU
		{DCD762D0-8543-4436-969C-975A94833F20}.Release|Any CPU.Build.0 = Release|Any CPU
		{38DDD951-3F89-41FE-A225-326DA46A39CF}.Debug|Any CPU.ActiveCfg = Debug|Any CPU
		{38DDD951-3F89-41FE-A225-326DA46A39CF}.Debug|Any CPU.Build.0 = Debug|Any CPU
		{38DDD951-3F89-41FE-A225-326DA46A39CF}.Release|Any CPU.ActiveCfg = Release|Any CPU
		{38DDD951-3F89-41FE-A225-326DA46A39CF}.Release|Any CPU.Build.0 = Release|Any CPU
		{859E4300-2DB5-431A-9319-5AEA12552D85}.Debug|Any CPU.ActiveCfg = Debug|Any CPU
		{859E4300-2DB5-431A-9319-5AEA12552D85}.Debug|Any CPU.Build.0 = Debug|Any CPU
		{859E4300-2DB5-431A-9319-5AEA12552D85}.Release|Any CPU.ActiveCfg = Release|Any CPU
		{859E4300-2DB5-431A-9319-5AEA12552D85}.Release|Any CPU.Build.0 = Release|Any CPU
		{45163683-2F3E-400C-A4C3-8730ED889371}.Debug|Any CPU.ActiveCfg = Debug|Any CPU
		{45163683-2F3E-400C-A4C3-8730ED889371}.Debug|Any CPU.Build.0 = Debug|Any CPU
		{45163683-2F3E-400C-A4C3-8730ED889371}.Release|Any CPU.ActiveCfg = Release|Any CPU
		{45163683-2F3E-400C-A4C3-8730ED889371}.Release|Any CPU.Build.0 = Release|Any CPU
		{6A5A99A9-AE09-4310-A332-FCE1D7E3BED8}.Debug|Any CPU.ActiveCfg = Debug|Any CPU
		{6A5A99A9-AE09-4310-A332-FCE1D7E3BED8}.Debug|Any CPU.Build.0 = Debug|Any CPU
		{6A5A99A9-AE09-4310-A332-FCE1D7E3BED8}.Release|Any CPU.ActiveCfg = Release|Any CPU
		{6A5A99A9-AE09-4310-A332-FCE1D7E3BED8}.Release|Any CPU.Build.0 = Release|Any CPU
		{F77242BC-0FEB-4921-8AA1-4C21ADFD61CC}.Debug|Any CPU.ActiveCfg = Debug|Any CPU
		{F77242BC-0FEB-4921-8AA1-4C21ADFD61CC}.Debug|Any CPU.Build.0 = Debug|Any CPU
		{F77242BC-0FEB-4921-8AA1-4C21ADFD61CC}.Release|Any CPU.ActiveCfg = Release|Any CPU
		{F77242BC-0FEB-4921-8AA1-4C21ADFD61CC}.Release|Any CPU.Build.0 = Release|Any CPU
		{34AE3733-6973-4679-AE56-272A6C0FA17E}.Debug|Any CPU.ActiveCfg = Debug|Any CPU
		{34AE3733-6973-4679-AE56-272A6C0FA17E}.Debug|Any CPU.Build.0 = Debug|Any CPU
		{34AE3733-6973-4679-AE56-272A6C0FA17E}.Release|Any CPU.ActiveCfg = Release|Any CPU
		{34AE3733-6973-4679-AE56-272A6C0FA17E}.Release|Any CPU.Build.0 = Release|Any CPU
		{3BCED1B9-9EFA-4835-9D41-28BBD8297075}.Debug|Any CPU.ActiveCfg = Debug|Any CPU
		{3BCED1B9-9EFA-4835-9D41-28BBD8297075}.Debug|Any CPU.Build.0 = Debug|Any CPU
		{3BCED1B9-9EFA-4835-9D41-28BBD8297075}.Release|Any CPU.ActiveCfg = Release|Any CPU
		{3BCED1B9-9EFA-4835-9D41-28BBD8297075}.Release|Any CPU.Build.0 = Release|Any CPU
		{38803827-63A1-4466-94D4-D52E9EA1DA4A}.Debug|Any CPU.ActiveCfg = Debug|Any CPU
		{38803827-63A1-4466-94D4-D52E9EA1DA4A}.Debug|Any CPU.Build.0 = Debug|Any CPU
		{38803827-63A1-4466-94D4-D52E9EA1DA4A}.Release|Any CPU.ActiveCfg = Release|Any CPU
		{38803827-63A1-4466-94D4-D52E9EA1DA4A}.Release|Any CPU.Build.0 = Release|Any CPU
		{B1912655-E309-4886-A882-1C384ACFB165}.Debug|Any CPU.ActiveCfg = Debug|Any CPU
		{B1912655-E309-4886-A882-1C384ACFB165}.Debug|Any CPU.Build.0 = Debug|Any CPU
		{B1912655-E309-4886-A882-1C384ACFB165}.Release|Any CPU.ActiveCfg = Release|Any CPU
		{B1912655-E309-4886-A882-1C384ACFB165}.Release|Any CPU.Build.0 = Release|Any CPU
	EndGlobalSection
	GlobalSection(SolutionProperties) = preSolution
		HideSolutionNode = FALSE
	EndGlobalSection
	GlobalSection(NestedProjects) = preSolution
		{D5BF79A6-68B3-41B0-AB63-28E30DD87018} = {5D8887CA-2929-4E91-9409-B3366F968527}
		{DCD762D0-8543-4436-969C-975A94833F20} = {5D8887CA-2929-4E91-9409-B3366F968527}
		{38DDD951-3F89-41FE-A225-326DA46A39CF} = {5D8887CA-2929-4E91-9409-B3366F968527}
	EndGlobalSection
	GlobalSection(ExtensibilityGlobals) = postSolution
		SolutionGuid = {64B2FD6C-D2E4-4D45-B05C-684B31797448}
	EndGlobalSection
EndGlobal
