
Microsoft Visual Studio Solution File, Format Version 12.00
# Visual Studio Version 17
VisualStudioVersion = 17.5.33414.496
MinimumVisualStudioVersion = 10.0.40219.1
Project("{2150E333-8FDC-42A3-9474-1A3956D46DE8}") = "Core", "Core", "{AFB1C448-C01D-419A-94D4-5E43C2DC4FFA}"
EndProject
Project("{2150E333-8FDC-42A3-9474-1A3956D46DE8}") = "Infrastructure", "Infrastructure", "{F7C79A97-5E66-4753-A967-0FEBF5C4F6BD}"
EndProject
Project("{2150E333-8FDC-42A3-9474-1A3956D46DE8}") = "Specs", "Specs", "{3FC64677-0627-43FD-B3CB-070425CBBAB2}"
EndProject
Project("{2150E333-8FDC-42A3-9474-1A3956D46DE8}") = "Presentation", "Presentation", "{480B6912-14D8-4B43-A6FA-902A1C0631C3}"
EndProject
Project("{2150E333-8FDC-42A3-9474-1A3956D46DE8}") = "Common", "Common", "{5D8887CA-2929-4E91-9409-B3366F968527}"
EndProject
Project("{9A19103F-16F7-4668-BE54-9A1E7A4F7556}") = "Library.Ddd", "Common\Library.Ddd\Library.Ddd.csproj", "{0EF28AA1-6C79-4D67-B035-6F9E9B2B2F89}"
EndProject
Project("{9A19103F-16F7-4668-BE54-9A1E7A4F7556}") = "Application", "Core\Application\Application.csproj", "{0D65058A-AE89-41F5-A46C-0A1D43336C57}"
EndProject
Project("{9A19103F-16F7-4668-BE54-9A1E7A4F7556}") = "Domain", "Core\Domain\Domain.csproj", "{9F755689-238D-4B0F-B980-A73F5E300762}"
EndProject
Project("{9A19103F-16F7-4668-BE54-9A1E7A4F7556}") = "Application.Unit", "Specs\Application.Unit\Application.Unit.csproj", "{E2B035C3-46D3-4624-ADE0-4933ED8D2083}"
EndProject
Project("{9A19103F-16F7-4668-BE54-9A1E7A4F7556}") = "Persistence", "Infrastructure\Persistence\Persistence.csproj", "{40D2528E-1BB9-4994-ADED-F663E68CB762}"
EndProject
Project("{9A19103F-16F7-4668-BE54-9A1E7A4F7556}") = "Application.Integration", "Specs\Application.Integration\Application.Integration.csproj", "{AD03FBD9-E114-417F-A013-1B0970E318C4}"
EndProject
Project("{9A19103F-16F7-4668-BE54-9A1E7A4F7556}") = "Api.WebApi", "Presentation\Api.WebApi\Api.WebApi.csproj", "{90C40206-51B2-468D-9DDF-ABEDA9910126}"
EndProject
Project("{9A19103F-16F7-4668-BE54-9A1E7A4F7556}") = "Web.BlazorServer", "Presentation\Web.BlazorServer\Web.BlazorServer.csproj", "{54E11167-6104-4007-A7BA-4569F2999F76}"
EndProject
Project("{9A19103F-16F7-4668-BE54-9A1E7A4F7556}") = "Web.BlazorStatic", "Presentation\Web.BlazorStatic\Web.BlazorStatic.csproj", "{2448A3C7-1BC1-4BE9-8608-08152D126704}"
EndProject
Global
	GlobalSection(SolutionConfigurationPlatforms) = preSolution
		Debug|Any CPU = Debug|Any CPU
		Release|Any CPU = Release|Any CPU
	EndGlobalSection
	GlobalSection(ProjectConfigurationPlatforms) = postSolution
		{0EF28AA1-6C79-4D67-B035-6F9E9B2B2F89}.Debug|Any CPU.ActiveCfg = Debug|Any CPU
		{0EF28AA1-6C79-4D67-B035-6F9E9B2B2F89}.Debug|Any CPU.Build.0 = Debug|Any CPU
		{0EF28AA1-6C79-4D67-B035-6F9E9B2B2F89}.Release|Any CPU.ActiveCfg = Release|Any CPU
		{0EF28AA1-6C79-4D67-B035-6F9E9B2B2F89}.Release|Any CPU.Build.0 = Release|Any CPU
		{0D65058A-AE89-41F5-A46C-0A1D43336C57}.Debug|Any CPU.ActiveCfg = Debug|Any CPU
		{0D65058A-AE89-41F5-A46C-0A1D43336C57}.Debug|Any CPU.Build.0 = Debug|Any CPU
		{0D65058A-AE89-41F5-A46C-0A1D43336C57}.Release|Any CPU.ActiveCfg = Release|Any CPU
		{0D65058A-AE89-41F5-A46C-0A1D43336C57}.Release|Any CPU.Build.0 = Release|Any CPU
		{9F755689-238D-4B0F-B980-A73F5E300762}.Debug|Any CPU.ActiveCfg = Debug|Any CPU
		{9F755689-238D-4B0F-B980-A73F5E300762}.Debug|Any CPU.Build.0 = Debug|Any CPU
		{9F755689-238D-4B0F-B980-A73F5E300762}.Release|Any CPU.ActiveCfg = Release|Any CPU
		{9F755689-238D-4B0F-B980-A73F5E300762}.Release|Any CPU.Build.0 = Release|Any CPU
		{E2B035C3-46D3-4624-ADE0-4933ED8D2083}.Debug|Any CPU.ActiveCfg = Debug|Any CPU
		{E2B035C3-46D3-4624-ADE0-4933ED8D2083}.Debug|Any CPU.Build.0 = Debug|Any CPU
		{E2B035C3-46D3-4624-ADE0-4933ED8D2083}.Release|Any CPU.ActiveCfg = Release|Any CPU
		{E2B035C3-46D3-4624-ADE0-4933ED8D2083}.Release|Any CPU.Build.0 = Release|Any CPU
		{40D2528E-1BB9-4994-ADED-F663E68CB762}.Debug|Any CPU.ActiveCfg = Debug|Any CPU
		{40D2528E-1BB9-4994-ADED-F663E68CB762}.Debug|Any CPU.Build.0 = Debug|Any CPU
		{40D2528E-1BB9-4994-ADED-F663E68CB762}.Release|Any CPU.ActiveCfg = Release|Any CPU
		{40D2528E-1BB9-4994-ADED-F663E68CB762}.Release|Any CPU.Build.0 = Release|Any CPU
		{AD03FBD9-E114-417F-A013-1B0970E318C4}.Debug|Any CPU.ActiveCfg = Debug|Any CPU
		{AD03FBD9-E114-417F-A013-1B0970E318C4}.Debug|Any CPU.Build.0 = Debug|Any CPU
		{AD03FBD9-E114-417F-A013-1B0970E318C4}.Release|Any CPU.ActiveCfg = Release|Any CPU
		{AD03FBD9-E114-417F-A013-1B0970E318C4}.Release|Any CPU.Build.0 = Release|Any CPU
		{90C40206-51B2-468D-9DDF-ABEDA9910126}.Debug|Any CPU.ActiveCfg = Debug|Any CPU
		{90C40206-51B2-468D-9DDF-ABEDA9910126}.Debug|Any CPU.Build.0 = Debug|Any CPU
		{90C40206-51B2-468D-9DDF-ABEDA9910126}.Release|Any CPU.ActiveCfg = Release|Any CPU
		{90C40206-51B2-468D-9DDF-ABEDA9910126}.Release|Any CPU.Build.0 = Release|Any CPU
		{54E11167-6104-4007-A7BA-4569F2999F76}.Debug|Any CPU.ActiveCfg = Debug|Any CPU
		{54E11167-6104-4007-A7BA-4569F2999F76}.Debug|Any CPU.Build.0 = Debug|Any CPU
		{54E11167-6104-4007-A7BA-4569F2999F76}.Release|Any CPU.ActiveCfg = Release|Any CPU
		{54E11167-6104-4007-A7BA-4569F2999F76}.Release|Any CPU.Build.0 = Release|Any CPU
		{2448A3C7-1BC1-4BE9-8608-08152D126704}.Debug|Any CPU.ActiveCfg = Debug|Any CPU
		{2448A3C7-1BC1-4BE9-8608-08152D126704}.Debug|Any CPU.Build.0 = Debug|Any CPU
		{2448A3C7-1BC1-4BE9-8608-08152D126704}.Release|Any CPU.ActiveCfg = Release|Any CPU
		{2448A3C7-1BC1-4BE9-8608-08152D126704}.Release|Any CPU.Build.0 = Release|Any CPU
	EndGlobalSection
	GlobalSection(SolutionProperties) = preSolution
		HideSolutionNode = FALSE
	EndGlobalSection
	GlobalSection(NestedProjects) = preSolution
		{0EF28AA1-6C79-4D67-B035-6F9E9B2B2F89} = {5D8887CA-2929-4E91-9409-B3366F968527}
		{0D65058A-AE89-41F5-A46C-0A1D43336C57} = {AFB1C448-C01D-419A-94D4-5E43C2DC4FFA}
		{9F755689-238D-4B0F-B980-A73F5E300762} = {AFB1C448-C01D-419A-94D4-5E43C2DC4FFA}
		{E2B035C3-46D3-4624-ADE0-4933ED8D2083} = {3FC64677-0627-43FD-B3CB-070425CBBAB2}
		{40D2528E-1BB9-4994-ADED-F663E68CB762} = {F7C79A97-5E66-4753-A967-0FEBF5C4F6BD}
		{AD03FBD9-E114-417F-A013-1B0970E318C4} = {3FC64677-0627-43FD-B3CB-070425CBBAB2}
		{90C40206-51B2-468D-9DDF-ABEDA9910126} = {480B6912-14D8-4B43-A6FA-902A1C0631C3}
		{54E11167-6104-4007-A7BA-4569F2999F76} = {480B6912-14D8-4B43-A6FA-902A1C0631C3}
		{2448A3C7-1BC1-4BE9-8608-08152D126704} = {480B6912-14D8-4B43-A6FA-902A1C0631C3}
	EndGlobalSection
	GlobalSection(ExtensibilityGlobals) = postSolution
		SolutionGuid = {64B2FD6C-D2E4-4D45-B05C-684B31797448}
	EndGlobalSection
EndGlobal
