
Microsoft Visual Studio Solution File, Format Version 12.00
# Visual Studio Version 16
VisualStudioVersion = 16.0.30309.148
MinimumVisualStudioVersion = 10.0.40219.1
Project("{2150E333-8FDC-42A3-9474-1A3956D46DE8}") = "Chronology", "Chronology", "{E43207AA-75AE-47C3-BCD0-DAF3DFA9045E}"
EndProject
Project("{9A19103F-16F7-4668-BE54-9A1E7A4F7556}") = "Chronology.Specs.Unit", "Chronology.Specs.Unit\Chronology.Specs.Unit.csproj", "{402E67D2-5BCE-4587-92E2-A0FD05C0935C}"
EndProject
Project("{2150E333-8FDC-42A3-9474-1A3956D46DE8}") = "Locality", "Locality", "{5FB3392F-1C61-4384-BEF3-08A929442E4E}"
EndProject
Project("{2150E333-8FDC-42A3-9474-1A3956D46DE8}") = "Subjects", "Subjects", "{08589630-95C6-44F3-8CFE-42A98BCCE765}"
EndProject
Project("{2150E333-8FDC-42A3-9474-1A3956D46DE8}") = "Occurrences", "Occurrences", "{4E21887E-D9F4-4456-BDF1-27F59696713B}"
EndProject
Project("{9A19103F-16F7-4668-BE54-9A1E7A4F7556}") = "Locality.Specs.Unit", "Locality.Specs.Unit\Locality.Specs.Unit.csproj", "{E2B25C05-2A9C-4091-9A9F-4DE6D022C24C}"
EndProject
Project("{9A19103F-16F7-4668-BE54-9A1E7A4F7556}") = "Occurrences.Specs.Unit", "Occurrences.Specs.Unit\Occurrences.Specs.Unit.csproj", "{ED79CEC9-36A4-4847-BAA3-9DF6F643E87B}"
EndProject
Project("{9A19103F-16F7-4668-BE54-9A1E7A4F7556}") = "Subjects.Specs.Unit", "Subjects.Specs.Unit\Subjects.Specs.Unit.csproj", "{93B77BD5-1ACB-477F-B859-5376DF1D6F6E}"
EndProject
Project("{9A19103F-16F7-4668-BE54-9A1E7A4F7556}") = "Shared.Abstractions", "Shared.Abstractions\Shared.Abstractions.csproj", "{62C75D09-E979-49F8-A967-9607F5EE8A42}"
EndProject
Project("{9A19103F-16F7-4668-BE54-9A1E7A4F7556}") = "Chronology.Presentation.Functions", "Chronology.Presentation.Functions\Chronology.Presentation.Functions.csproj", "{A6C74480-868E-4711-A79E-87883DB25CC1}"
EndProject
Project("{9A19103F-16F7-4668-BE54-9A1E7A4F7556}") = "Chronology.Presentation.Api", "Chronology.Presentation.Api\Chronology.Presentation.Api.csproj", "{6767A6C7-C29A-43D8-9AD9-00BAFCE0834A}"
EndProject
Project("{9A19103F-16F7-4668-BE54-9A1E7A4F7556}") = "Locality.Presentation.Functions", "Locality.Presentation.Functions\Locality.Presentation.Functions.csproj", "{C267F79C-1DA4-4F6E-86E0-62544BD75ADB}"
EndProject
Project("{9A19103F-16F7-4668-BE54-9A1E7A4F7556}") = "Locality.Presentation.Api", "Locality.Presentation.Api\Locality.Presentation.Api.csproj", "{B8342639-5CE8-4C3C-805F-3C51A683DA69}"
EndProject
Project("{9A19103F-16F7-4668-BE54-9A1E7A4F7556}") = "Occurrences.Presentation.Functions", "Occurrences.Presentation.Functions\Occurrences.Presentation.Functions.csproj", "{04844BFB-97C5-4C90-B611-936CFCA400E3}"
EndProject
Project("{9A19103F-16F7-4668-BE54-9A1E7A4F7556}") = "Occurrences.Presentation.Api", "Occurrences.Presentation.Api\Occurrences.Presentation.Api.csproj", "{3D69EA9C-2935-4490-B42D-41FD9AD0B114}"
EndProject
Project("{9A19103F-16F7-4668-BE54-9A1E7A4F7556}") = "Subjects.Presentation.Functions", "Subjects.Presentation.Functions\Subjects.Presentation.Functions.csproj", "{785908FA-B860-4442-810B-632F50D66583}"
EndProject
Project("{9A19103F-16F7-4668-BE54-9A1E7A4F7556}") = "Chronology.Domain.Models", "Chronology.Domain.Models\Chronology.Domain.Models.csproj", "{088BD6AF-E087-4B95-BF82-EEAAFB0A303D}"
EndProject
Project("{9A19103F-16F7-4668-BE54-9A1E7A4F7556}") = "Chronology.Application.Services", "Chronology.Application.Services\Chronology.Application.Services.csproj", "{A45C5D1D-8B0F-43C2-95A7-619C3BA94F51}"
EndProject
Project("{9A19103F-16F7-4668-BE54-9A1E7A4F7556}") = "Locality.Domain.Models", "Locality.Domain.Models\Locality.Domain.Models.csproj", "{0E336F16-6C1D-4CA9-BE7F-9EDBC4F30943}"
EndProject
Project("{9A19103F-16F7-4668-BE54-9A1E7A4F7556}") = "Locality.Application.Services", "Locality.Application.Services\Locality.Application.Services.csproj", "{CD60CEE4-DEE5-4F69-BAB3-C477664D7D68}"
EndProject
Project("{9A19103F-16F7-4668-BE54-9A1E7A4F7556}") = "Occurrences.Domain.Models", "Occurrences.Domain.Models\Occurrences.Domain.Models.csproj", "{502A45B6-2D2C-441A-A46E-236C94CE477F}"
EndProject
Project("{9A19103F-16F7-4668-BE54-9A1E7A4F7556}") = "Occurrences.Application.Services", "Occurrences.Application.Services\Occurrences.Application.Services.csproj", "{C87B3160-356E-4542-9A2F-2C62719851AA}"
EndProject
Project("{9A19103F-16F7-4668-BE54-9A1E7A4F7556}") = "Subjects.Domain.Models", "Subjects.Domain.Models\Subjects.Domain.Models.csproj", "{6783046F-54A0-43D5-BB3D-3657CFEEF437}"
EndProject
Project("{9A19103F-16F7-4668-BE54-9A1E7A4F7556}") = "Subjects.Application.Services", "Subjects.Application.Services\Subjects.Application.Services.csproj", "{52B5282C-112F-4A27-9F81-AB088C4FD3BA}"
EndProject
Project("{9A19103F-16F7-4668-BE54-9A1E7A4F7556}") = "Subjects.Presentation.Api", "Subjects.Presentation.Api\Subjects.Presentation.Api.csproj", "{B5CCD99F-5FC8-42AC-9987-20AD98288C0E}"
EndProject
Project("{9A19103F-16F7-4668-BE54-9A1E7A4F7556}") = "Chronology.Infrastructure.Persistence", "Chronology.Infrastructure.Persistence\Chronology.Infrastructure.Persistence.csproj", "{A9410545-3F30-4F8A-A26D-78D2ADEBD176}"
EndProject
Project("{9A19103F-16F7-4668-BE54-9A1E7A4F7556}") = "Locality.Infrastructure.Persistence", "Locality.Infrastructure.Persistence\Locality.Infrastructure.Persistence.csproj", "{8D98CA53-AB57-4B38-A305-F0527B79CB15}"
EndProject
Project("{9A19103F-16F7-4668-BE54-9A1E7A4F7556}") = "Occurrences.Infrastructure.Persistence", "Occurrences.Infrastructure.Persistence\Occurrences.Infrastructure.Persistence.csproj", "{44448E3B-9BC2-48DC-92CD-35C55F067515}"
EndProject
Project("{9A19103F-16F7-4668-BE54-9A1E7A4F7556}") = "Subjects.Infrastructure.Persistence", "Subjects.Infrastructure.Persistence\Subjects.Infrastructure.Persistence.csproj", "{30BAA16C-8C0A-458B-A7F6-41BB5323B256}"
EndProject
Project("{9A19103F-16F7-4668-BE54-9A1E7A4F7556}") = "Shared.Specs", "Shared.Specs\Shared.Specs.csproj", "{4B51CD18-D9B3-400E-8B10-EDBD47C36882}"
EndProject
Global
	GlobalSection(SolutionConfigurationPlatforms) = preSolution
		Debug|Any CPU = Debug|Any CPU
		Release|Any CPU = Release|Any CPU
	EndGlobalSection
	GlobalSection(ProjectConfigurationPlatforms) = postSolution
		{402E67D2-5BCE-4587-92E2-A0FD05C0935C}.Debug|Any CPU.ActiveCfg = Debug|Any CPU
		{402E67D2-5BCE-4587-92E2-A0FD05C0935C}.Debug|Any CPU.Build.0 = Debug|Any CPU
		{402E67D2-5BCE-4587-92E2-A0FD05C0935C}.Release|Any CPU.ActiveCfg = Release|Any CPU
		{402E67D2-5BCE-4587-92E2-A0FD05C0935C}.Release|Any CPU.Build.0 = Release|Any CPU
		{E2B25C05-2A9C-4091-9A9F-4DE6D022C24C}.Debug|Any CPU.ActiveCfg = Debug|Any CPU
		{E2B25C05-2A9C-4091-9A9F-4DE6D022C24C}.Debug|Any CPU.Build.0 = Debug|Any CPU
		{E2B25C05-2A9C-4091-9A9F-4DE6D022C24C}.Release|Any CPU.ActiveCfg = Release|Any CPU
		{E2B25C05-2A9C-4091-9A9F-4DE6D022C24C}.Release|Any CPU.Build.0 = Release|Any CPU
		{ED79CEC9-36A4-4847-BAA3-9DF6F643E87B}.Debug|Any CPU.ActiveCfg = Debug|Any CPU
		{ED79CEC9-36A4-4847-BAA3-9DF6F643E87B}.Debug|Any CPU.Build.0 = Debug|Any CPU
		{ED79CEC9-36A4-4847-BAA3-9DF6F643E87B}.Release|Any CPU.ActiveCfg = Release|Any CPU
		{ED79CEC9-36A4-4847-BAA3-9DF6F643E87B}.Release|Any CPU.Build.0 = Release|Any CPU
		{93B77BD5-1ACB-477F-B859-5376DF1D6F6E}.Debug|Any CPU.ActiveCfg = Debug|Any CPU
		{93B77BD5-1ACB-477F-B859-5376DF1D6F6E}.Debug|Any CPU.Build.0 = Debug|Any CPU
		{93B77BD5-1ACB-477F-B859-5376DF1D6F6E}.Release|Any CPU.ActiveCfg = Release|Any CPU
		{93B77BD5-1ACB-477F-B859-5376DF1D6F6E}.Release|Any CPU.Build.0 = Release|Any CPU
		{62C75D09-E979-49F8-A967-9607F5EE8A42}.Debug|Any CPU.ActiveCfg = Debug|Any CPU
		{62C75D09-E979-49F8-A967-9607F5EE8A42}.Debug|Any CPU.Build.0 = Debug|Any CPU
		{62C75D09-E979-49F8-A967-9607F5EE8A42}.Release|Any CPU.ActiveCfg = Release|Any CPU
		{62C75D09-E979-49F8-A967-9607F5EE8A42}.Release|Any CPU.Build.0 = Release|Any CPU
		{A6C74480-868E-4711-A79E-87883DB25CC1}.Debug|Any CPU.ActiveCfg = Debug|Any CPU
		{A6C74480-868E-4711-A79E-87883DB25CC1}.Debug|Any CPU.Build.0 = Debug|Any CPU
		{A6C74480-868E-4711-A79E-87883DB25CC1}.Release|Any CPU.ActiveCfg = Release|Any CPU
		{A6C74480-868E-4711-A79E-87883DB25CC1}.Release|Any CPU.Build.0 = Release|Any CPU
		{6767A6C7-C29A-43D8-9AD9-00BAFCE0834A}.Debug|Any CPU.ActiveCfg = Debug|Any CPU
		{6767A6C7-C29A-43D8-9AD9-00BAFCE0834A}.Debug|Any CPU.Build.0 = Debug|Any CPU
		{6767A6C7-C29A-43D8-9AD9-00BAFCE0834A}.Release|Any CPU.ActiveCfg = Release|Any CPU
		{6767A6C7-C29A-43D8-9AD9-00BAFCE0834A}.Release|Any CPU.Build.0 = Release|Any CPU
		{C267F79C-1DA4-4F6E-86E0-62544BD75ADB}.Debug|Any CPU.ActiveCfg = Debug|Any CPU
		{C267F79C-1DA4-4F6E-86E0-62544BD75ADB}.Debug|Any CPU.Build.0 = Debug|Any CPU
		{C267F79C-1DA4-4F6E-86E0-62544BD75ADB}.Release|Any CPU.ActiveCfg = Release|Any CPU
		{C267F79C-1DA4-4F6E-86E0-62544BD75ADB}.Release|Any CPU.Build.0 = Release|Any CPU
		{B8342639-5CE8-4C3C-805F-3C51A683DA69}.Debug|Any CPU.ActiveCfg = Debug|Any CPU
		{B8342639-5CE8-4C3C-805F-3C51A683DA69}.Debug|Any CPU.Build.0 = Debug|Any CPU
		{B8342639-5CE8-4C3C-805F-3C51A683DA69}.Release|Any CPU.ActiveCfg = Release|Any CPU
		{B8342639-5CE8-4C3C-805F-3C51A683DA69}.Release|Any CPU.Build.0 = Release|Any CPU
		{04844BFB-97C5-4C90-B611-936CFCA400E3}.Debug|Any CPU.ActiveCfg = Debug|Any CPU
		{04844BFB-97C5-4C90-B611-936CFCA400E3}.Debug|Any CPU.Build.0 = Debug|Any CPU
		{04844BFB-97C5-4C90-B611-936CFCA400E3}.Release|Any CPU.ActiveCfg = Release|Any CPU
		{04844BFB-97C5-4C90-B611-936CFCA400E3}.Release|Any CPU.Build.0 = Release|Any CPU
		{3D69EA9C-2935-4490-B42D-41FD9AD0B114}.Debug|Any CPU.ActiveCfg = Debug|Any CPU
		{3D69EA9C-2935-4490-B42D-41FD9AD0B114}.Debug|Any CPU.Build.0 = Debug|Any CPU
		{3D69EA9C-2935-4490-B42D-41FD9AD0B114}.Release|Any CPU.ActiveCfg = Release|Any CPU
		{3D69EA9C-2935-4490-B42D-41FD9AD0B114}.Release|Any CPU.Build.0 = Release|Any CPU
		{785908FA-B860-4442-810B-632F50D66583}.Debug|Any CPU.ActiveCfg = Debug|Any CPU
		{785908FA-B860-4442-810B-632F50D66583}.Debug|Any CPU.Build.0 = Debug|Any CPU
		{785908FA-B860-4442-810B-632F50D66583}.Release|Any CPU.ActiveCfg = Release|Any CPU
		{785908FA-B860-4442-810B-632F50D66583}.Release|Any CPU.Build.0 = Release|Any CPU
		{088BD6AF-E087-4B95-BF82-EEAAFB0A303D}.Debug|Any CPU.ActiveCfg = Debug|Any CPU
		{088BD6AF-E087-4B95-BF82-EEAAFB0A303D}.Debug|Any CPU.Build.0 = Debug|Any CPU
		{088BD6AF-E087-4B95-BF82-EEAAFB0A303D}.Release|Any CPU.ActiveCfg = Release|Any CPU
		{088BD6AF-E087-4B95-BF82-EEAAFB0A303D}.Release|Any CPU.Build.0 = Release|Any CPU
		{A45C5D1D-8B0F-43C2-95A7-619C3BA94F51}.Debug|Any CPU.ActiveCfg = Debug|Any CPU
		{A45C5D1D-8B0F-43C2-95A7-619C3BA94F51}.Debug|Any CPU.Build.0 = Debug|Any CPU
		{A45C5D1D-8B0F-43C2-95A7-619C3BA94F51}.Release|Any CPU.ActiveCfg = Release|Any CPU
		{A45C5D1D-8B0F-43C2-95A7-619C3BA94F51}.Release|Any CPU.Build.0 = Release|Any CPU
		{0E336F16-6C1D-4CA9-BE7F-9EDBC4F30943}.Debug|Any CPU.ActiveCfg = Debug|Any CPU
		{0E336F16-6C1D-4CA9-BE7F-9EDBC4F30943}.Debug|Any CPU.Build.0 = Debug|Any CPU
		{0E336F16-6C1D-4CA9-BE7F-9EDBC4F30943}.Release|Any CPU.ActiveCfg = Release|Any CPU
		{0E336F16-6C1D-4CA9-BE7F-9EDBC4F30943}.Release|Any CPU.Build.0 = Release|Any CPU
		{CD60CEE4-DEE5-4F69-BAB3-C477664D7D68}.Debug|Any CPU.ActiveCfg = Debug|Any CPU
		{CD60CEE4-DEE5-4F69-BAB3-C477664D7D68}.Debug|Any CPU.Build.0 = Debug|Any CPU
		{CD60CEE4-DEE5-4F69-BAB3-C477664D7D68}.Release|Any CPU.ActiveCfg = Release|Any CPU
		{CD60CEE4-DEE5-4F69-BAB3-C477664D7D68}.Release|Any CPU.Build.0 = Release|Any CPU
		{502A45B6-2D2C-441A-A46E-236C94CE477F}.Debug|Any CPU.ActiveCfg = Debug|Any CPU
		{502A45B6-2D2C-441A-A46E-236C94CE477F}.Debug|Any CPU.Build.0 = Debug|Any CPU
		{502A45B6-2D2C-441A-A46E-236C94CE477F}.Release|Any CPU.ActiveCfg = Release|Any CPU
		{502A45B6-2D2C-441A-A46E-236C94CE477F}.Release|Any CPU.Build.0 = Release|Any CPU
		{C87B3160-356E-4542-9A2F-2C62719851AA}.Debug|Any CPU.ActiveCfg = Debug|Any CPU
		{C87B3160-356E-4542-9A2F-2C62719851AA}.Debug|Any CPU.Build.0 = Debug|Any CPU
		{C87B3160-356E-4542-9A2F-2C62719851AA}.Release|Any CPU.ActiveCfg = Release|Any CPU
		{C87B3160-356E-4542-9A2F-2C62719851AA}.Release|Any CPU.Build.0 = Release|Any CPU
		{6783046F-54A0-43D5-BB3D-3657CFEEF437}.Debug|Any CPU.ActiveCfg = Debug|Any CPU
		{6783046F-54A0-43D5-BB3D-3657CFEEF437}.Debug|Any CPU.Build.0 = Debug|Any CPU
		{6783046F-54A0-43D5-BB3D-3657CFEEF437}.Release|Any CPU.ActiveCfg = Release|Any CPU
		{6783046F-54A0-43D5-BB3D-3657CFEEF437}.Release|Any CPU.Build.0 = Release|Any CPU
		{52B5282C-112F-4A27-9F81-AB088C4FD3BA}.Debug|Any CPU.ActiveCfg = Debug|Any CPU
		{52B5282C-112F-4A27-9F81-AB088C4FD3BA}.Debug|Any CPU.Build.0 = Debug|Any CPU
		{52B5282C-112F-4A27-9F81-AB088C4FD3BA}.Release|Any CPU.ActiveCfg = Release|Any CPU
		{52B5282C-112F-4A27-9F81-AB088C4FD3BA}.Release|Any CPU.Build.0 = Release|Any CPU
		{B5CCD99F-5FC8-42AC-9987-20AD98288C0E}.Debug|Any CPU.ActiveCfg = Debug|Any CPU
		{B5CCD99F-5FC8-42AC-9987-20AD98288C0E}.Debug|Any CPU.Build.0 = Debug|Any CPU
		{B5CCD99F-5FC8-42AC-9987-20AD98288C0E}.Release|Any CPU.ActiveCfg = Release|Any CPU
		{B5CCD99F-5FC8-42AC-9987-20AD98288C0E}.Release|Any CPU.Build.0 = Release|Any CPU
		{A9410545-3F30-4F8A-A26D-78D2ADEBD176}.Debug|Any CPU.ActiveCfg = Debug|Any CPU
		{A9410545-3F30-4F8A-A26D-78D2ADEBD176}.Debug|Any CPU.Build.0 = Debug|Any CPU
		{A9410545-3F30-4F8A-A26D-78D2ADEBD176}.Release|Any CPU.ActiveCfg = Release|Any CPU
		{A9410545-3F30-4F8A-A26D-78D2ADEBD176}.Release|Any CPU.Build.0 = Release|Any CPU
		{8D98CA53-AB57-4B38-A305-F0527B79CB15}.Debug|Any CPU.ActiveCfg = Debug|Any CPU
		{8D98CA53-AB57-4B38-A305-F0527B79CB15}.Debug|Any CPU.Build.0 = Debug|Any CPU
		{8D98CA53-AB57-4B38-A305-F0527B79CB15}.Release|Any CPU.ActiveCfg = Release|Any CPU
		{8D98CA53-AB57-4B38-A305-F0527B79CB15}.Release|Any CPU.Build.0 = Release|Any CPU
		{44448E3B-9BC2-48DC-92CD-35C55F067515}.Debug|Any CPU.ActiveCfg = Debug|Any CPU
		{44448E3B-9BC2-48DC-92CD-35C55F067515}.Debug|Any CPU.Build.0 = Debug|Any CPU
		{44448E3B-9BC2-48DC-92CD-35C55F067515}.Release|Any CPU.ActiveCfg = Release|Any CPU
		{44448E3B-9BC2-48DC-92CD-35C55F067515}.Release|Any CPU.Build.0 = Release|Any CPU
		{30BAA16C-8C0A-458B-A7F6-41BB5323B256}.Debug|Any CPU.ActiveCfg = Debug|Any CPU
		{30BAA16C-8C0A-458B-A7F6-41BB5323B256}.Debug|Any CPU.Build.0 = Debug|Any CPU
		{30BAA16C-8C0A-458B-A7F6-41BB5323B256}.Release|Any CPU.ActiveCfg = Release|Any CPU
		{30BAA16C-8C0A-458B-A7F6-41BB5323B256}.Release|Any CPU.Build.0 = Release|Any CPU
		{4B51CD18-D9B3-400E-8B10-EDBD47C36882}.Debug|Any CPU.ActiveCfg = Debug|Any CPU
		{4B51CD18-D9B3-400E-8B10-EDBD47C36882}.Debug|Any CPU.Build.0 = Debug|Any CPU
		{4B51CD18-D9B3-400E-8B10-EDBD47C36882}.Release|Any CPU.ActiveCfg = Release|Any CPU
		{4B51CD18-D9B3-400E-8B10-EDBD47C36882}.Release|Any CPU.Build.0 = Release|Any CPU
	EndGlobalSection
	GlobalSection(SolutionProperties) = preSolution
		HideSolutionNode = FALSE
	EndGlobalSection
	GlobalSection(NestedProjects) = preSolution
		{402E67D2-5BCE-4587-92E2-A0FD05C0935C} = {E43207AA-75AE-47C3-BCD0-DAF3DFA9045E}
		{E2B25C05-2A9C-4091-9A9F-4DE6D022C24C} = {5FB3392F-1C61-4384-BEF3-08A929442E4E}
		{ED79CEC9-36A4-4847-BAA3-9DF6F643E87B} = {4E21887E-D9F4-4456-BDF1-27F59696713B}
		{93B77BD5-1ACB-477F-B859-5376DF1D6F6E} = {08589630-95C6-44F3-8CFE-42A98BCCE765}
		{A6C74480-868E-4711-A79E-87883DB25CC1} = {E43207AA-75AE-47C3-BCD0-DAF3DFA9045E}
		{6767A6C7-C29A-43D8-9AD9-00BAFCE0834A} = {E43207AA-75AE-47C3-BCD0-DAF3DFA9045E}
		{C267F79C-1DA4-4F6E-86E0-62544BD75ADB} = {5FB3392F-1C61-4384-BEF3-08A929442E4E}
		{B8342639-5CE8-4C3C-805F-3C51A683DA69} = {5FB3392F-1C61-4384-BEF3-08A929442E4E}
		{04844BFB-97C5-4C90-B611-936CFCA400E3} = {4E21887E-D9F4-4456-BDF1-27F59696713B}
		{3D69EA9C-2935-4490-B42D-41FD9AD0B114} = {4E21887E-D9F4-4456-BDF1-27F59696713B}
		{785908FA-B860-4442-810B-632F50D66583} = {08589630-95C6-44F3-8CFE-42A98BCCE765}
		{088BD6AF-E087-4B95-BF82-EEAAFB0A303D} = {E43207AA-75AE-47C3-BCD0-DAF3DFA9045E}
		{A45C5D1D-8B0F-43C2-95A7-619C3BA94F51} = {E43207AA-75AE-47C3-BCD0-DAF3DFA9045E}
		{0E336F16-6C1D-4CA9-BE7F-9EDBC4F30943} = {5FB3392F-1C61-4384-BEF3-08A929442E4E}
		{CD60CEE4-DEE5-4F69-BAB3-C477664D7D68} = {5FB3392F-1C61-4384-BEF3-08A929442E4E}
		{502A45B6-2D2C-441A-A46E-236C94CE477F} = {4E21887E-D9F4-4456-BDF1-27F59696713B}
		{C87B3160-356E-4542-9A2F-2C62719851AA} = {4E21887E-D9F4-4456-BDF1-27F59696713B}
		{6783046F-54A0-43D5-BB3D-3657CFEEF437} = {08589630-95C6-44F3-8CFE-42A98BCCE765}
		{52B5282C-112F-4A27-9F81-AB088C4FD3BA} = {08589630-95C6-44F3-8CFE-42A98BCCE765}
		{B5CCD99F-5FC8-42AC-9987-20AD98288C0E} = {08589630-95C6-44F3-8CFE-42A98BCCE765}
		{A9410545-3F30-4F8A-A26D-78D2ADEBD176} = {E43207AA-75AE-47C3-BCD0-DAF3DFA9045E}
		{8D98CA53-AB57-4B38-A305-F0527B79CB15} = {5FB3392F-1C61-4384-BEF3-08A929442E4E}
		{44448E3B-9BC2-48DC-92CD-35C55F067515} = {4E21887E-D9F4-4456-BDF1-27F59696713B}
		{30BAA16C-8C0A-458B-A7F6-41BB5323B256} = {08589630-95C6-44F3-8CFE-42A98BCCE765}
	EndGlobalSection
	GlobalSection(ExtensibilityGlobals) = postSolution
		SolutionGuid = {C94628F8-11BB-4DDD-A1D9-C28D32F34699}
	EndGlobalSection
EndGlobal
